
Microsoft Visual Studio Solution File, Format Version 10.00
# Visual Studio 2008
Project("{8BC9CEB8-8B4A-11D0-8D11-00A0C91BC942}") = "Lab9", "Lab9\Lab9.vcproj", "{FB633C4C-DC22-4A4A-AA85-89CBC912D890}"
EndProject
Global
	GlobalSection(SolutionConfigurationPlatforms) = preSolution
		Debug|Win32 = Debug|Win32
		Release|Win32 = Release|Win32
	EndGlobalSection
	GlobalSection(ProjectConfigurationPlatforms) = postSolution
		{FB633C4C-DC22-4A4A-AA85-89CBC912D890}.Debug|Win32.ActiveCfg = Debug|Win32
		{FB633C4C-DC22-4A4A-AA85-89CBC912D890}.Debug|Win32.Build.0 = Debug|Win32
		{FB633C4C-DC22-4A4A-AA85-89CBC912D890}.Release|Win32.ActiveCfg = Release|Win32
		{FB633C4C-DC22-4A4A-AA85-89CBC912D890}.Release|Win32.Build.0 = Release|Win32
	EndGlobalSection
	GlobalSection(SolutionProperties) = preSolution
		HideSolutionNode = FALSE
	EndGlobalSection
EndGlobal
