
Microsoft Visual Studio Solution File, Format Version 12.00
# Visual Studio 2012
Project("{8BC9CEB8-8B4A-11D0-8D11-00A0C91BC942}") = "PA1Task1", "PA1Task1\PA1Task1.vcxproj", "{01267359-D77C-4A45-8A4B-B9B05B9F8433}"
EndProject
Global
	GlobalSection(SolutionConfigurationPlatforms) = preSolution
		Debug|Win32 = Debug|Win32
		Release|Win32 = Release|Win32
	EndGlobalSection
	GlobalSection(ProjectConfigurationPlatforms) = postSolution
		{01267359-D77C-4A45-8A4B-B9B05B9F8433}.Debug|Win32.ActiveCfg = Debug|Win32
		{01267359-D77C-4A45-8A4B-B9B05B9F8433}.Debug|Win32.Build.0 = Debug|Win32
		{01267359-D77C-4A45-8A4B-B9B05B9F8433}.Release|Win32.ActiveCfg = Release|Win32
		{01267359-D77C-4A45-8A4B-B9B05B9F8433}.Release|Win32.Build.0 = Release|Win32
	EndGlobalSection
	GlobalSection(SolutionProperties) = preSolution
		HideSolutionNode = FALSE
	EndGlobalSection
EndGlobal
