
Microsoft Visual Studio Solution File, Format Version 10.00
# Visual Studio 2008
Project("{8BC9CEB8-8B4A-11D0-8D11-00A0C91BC942}") = "task 2", "task 2\task 2.vcproj", "{E427F68A-EFC0-4A9E-96D6-29A4AA7AC32F}"
EndProject
Global
	GlobalSection(SolutionConfigurationPlatforms) = preSolution
		Debug|Win32 = Debug|Win32
		Release|Win32 = Release|Win32
	EndGlobalSection
	GlobalSection(ProjectConfigurationPlatforms) = postSolution
		{E427F68A-EFC0-4A9E-96D6-29A4AA7AC32F}.Debug|Win32.ActiveCfg = Debug|Win32
		{E427F68A-EFC0-4A9E-96D6-29A4AA7AC32F}.Debug|Win32.Build.0 = Debug|Win32
		{E427F68A-EFC0-4A9E-96D6-29A4AA7AC32F}.Release|Win32.ActiveCfg = Release|Win32
		{E427F68A-EFC0-4A9E-96D6-29A4AA7AC32F}.Release|Win32.Build.0 = Release|Win32
	EndGlobalSection
	GlobalSection(SolutionProperties) = preSolution
		HideSolutionNode = FALSE
	EndGlobalSection
EndGlobal
