
Microsoft Visual Studio Solution File, Format Version 10.00
# Visual Studio 2008
Project("{8BC9CEB8-8B4A-11D0-8D11-00A0C91BC942}") = "Lab11", "Lab11\Lab11.vcproj", "{8B5E0ADF-128C-4149-90E2-0432040B5510}"
EndProject
Global
	GlobalSection(SolutionConfigurationPlatforms) = preSolution
		Debug|Win32 = Debug|Win32
		Release|Win32 = Release|Win32
	EndGlobalSection
	GlobalSection(ProjectConfigurationPlatforms) = postSolution
		{8B5E0ADF-128C-4149-90E2-0432040B5510}.Debug|Win32.ActiveCfg = Debug|Win32
		{8B5E0ADF-128C-4149-90E2-0432040B5510}.Debug|Win32.Build.0 = Debug|Win32
		{8B5E0ADF-128C-4149-90E2-0432040B5510}.Release|Win32.ActiveCfg = Release|Win32
		{8B5E0ADF-128C-4149-90E2-0432040B5510}.Release|Win32.Build.0 = Release|Win32
	EndGlobalSection
	GlobalSection(SolutionProperties) = preSolution
		HideSolutionNode = FALSE
	EndGlobalSection
EndGlobal
