
Microsoft Visual Studio Solution File, Format Version 10.00
# Visual Studio 2008
Project("{8BC9CEB8-8B4A-11D0-8D11-00A0C91BC942}") = "Lab7Task1", "Lab7Task1\Lab7Task1.vcproj", "{FD16455F-0EE1-4ECB-AAD3-7F64CAECA5EA}"
EndProject
Global
	GlobalSection(SolutionConfigurationPlatforms) = preSolution
		Debug|Win32 = Debug|Win32
		Release|Win32 = Release|Win32
	EndGlobalSection
	GlobalSection(ProjectConfigurationPlatforms) = postSolution
		{FD16455F-0EE1-4ECB-AAD3-7F64CAECA5EA}.Debug|Win32.ActiveCfg = Debug|Win32
		{FD16455F-0EE1-4ECB-AAD3-7F64CAECA5EA}.Debug|Win32.Build.0 = Debug|Win32
		{FD16455F-0EE1-4ECB-AAD3-7F64CAECA5EA}.Release|Win32.ActiveCfg = Release|Win32
		{FD16455F-0EE1-4ECB-AAD3-7F64CAECA5EA}.Release|Win32.Build.0 = Release|Win32
	EndGlobalSection
	GlobalSection(SolutionProperties) = preSolution
		HideSolutionNode = FALSE
	EndGlobalSection
EndGlobal
