
Microsoft Visual Studio Solution File, Format Version 12.00
# Visual Studio 2012
Project("{8BC9CEB8-8B4A-11D0-8D11-00A0C91BC942}") = "PA2", "PA2\PA2.vcxproj", "{0B8AE689-FE9D-460F-AA4E-3AA428511D50}"
EndProject
Global
	GlobalSection(SolutionConfigurationPlatforms) = preSolution
		Debug|Win32 = Debug|Win32
		Release|Win32 = Release|Win32
	EndGlobalSection
	GlobalSection(ProjectConfigurationPlatforms) = postSolution
		{0B8AE689-FE9D-460F-AA4E-3AA428511D50}.Debug|Win32.ActiveCfg = Debug|Win32
		{0B8AE689-FE9D-460F-AA4E-3AA428511D50}.Debug|Win32.Build.0 = Debug|Win32
		{0B8AE689-FE9D-460F-AA4E-3AA428511D50}.Release|Win32.ActiveCfg = Release|Win32
		{0B8AE689-FE9D-460F-AA4E-3AA428511D50}.Release|Win32.Build.0 = Release|Win32
	EndGlobalSection
	GlobalSection(SolutionProperties) = preSolution
		HideSolutionNode = FALSE
	EndGlobalSection
EndGlobal
