
Microsoft Visual Studio Solution File, Format Version 10.00
# Visual Studio 2008
Project("{8BC9CEB8-8B4A-11D0-8D11-00A0C91BC942}") = "Files", "Files\Files.vcproj", "{8B371DBA-7A6A-4C88-8665-47D348E1EDEB}"
EndProject
Global
	GlobalSection(SolutionConfigurationPlatforms) = preSolution
		Debug|Win32 = Debug|Win32
		Release|Win32 = Release|Win32
	EndGlobalSection
	GlobalSection(ProjectConfigurationPlatforms) = postSolution
		{8B371DBA-7A6A-4C88-8665-47D348E1EDEB}.Debug|Win32.ActiveCfg = Debug|Win32
		{8B371DBA-7A6A-4C88-8665-47D348E1EDEB}.Debug|Win32.Build.0 = Debug|Win32
		{8B371DBA-7A6A-4C88-8665-47D348E1EDEB}.Release|Win32.ActiveCfg = Release|Win32
		{8B371DBA-7A6A-4C88-8665-47D348E1EDEB}.Release|Win32.Build.0 = Release|Win32
	EndGlobalSection
	GlobalSection(SolutionProperties) = preSolution
		HideSolutionNode = FALSE
	EndGlobalSection
EndGlobal
